
Microsoft Visual Studio Solution File, Format Version 12.00
# Visual Studio 2013
VisualStudioVersion = 12.0.21005.1
MinimumVisualStudioVersion = 10.0.40219.1
Project("{2150E333-8FDC-42A3-9474-1A3956D46DE8}") = "basis", "basis", "{8F26D7F1-0579-41CE-A792-3AC1FF5E33F7}"
EndProject
Project("{2150E333-8FDC-42A3-9474-1A3956D46DE8}") = "service", "service", "{0BDF8CD0-53F0-4957-BF67-D5A850B2D689}"
EndProject
Project("{2150E333-8FDC-42A3-9474-1A3956D46DE8}") = "host", "host", "{A69FD608-7DCA-4D7E-815B-4526CAB19EA0}"
EndProject
Project("{2150E333-8FDC-42A3-9474-1A3956D46DE8}") = "client", "client", "{D447A3C4-06A1-449C-8835-8AEF2CB2273A}"
EndProject
Project("{2150E333-8FDC-42A3-9474-1A3956D46DE8}") = "backstage", "backstage", "{966E0D28-9979-492B-9A8F-BEFD249E771F}"
EndProject
Project("{FAE04EC0-301F-11D3-BF4B-00C04F79EFBC}") = "zwg-china.model", "zwg-china.model\zwg-china.model.csproj", "{276735DE-42F6-40DB-A96D-9ECF74A659C8}"
EndProject
Project("{FAE04EC0-301F-11D3-BF4B-00C04F79EFBC}") = "zwg-china.author.model", "zwg-china.author.model\zwg-china.author.model.csproj", "{AE947170-6A9B-42F4-B6FA-E54C35B5BB22}"
EndProject
Project("{2150E333-8FDC-42A3-9474-1A3956D46DE8}") = "logic", "logic", "{087210D0-D3BE-4C62-9821-437A376AFC5A}"
EndProject
Project("{2150E333-8FDC-42A3-9474-1A3956D46DE8}") = "mutual", "mutual", "{89647BF4-B815-477D-BE77-C7527AAB7B79}"
EndProject
Project("{2150E333-8FDC-42A3-9474-1A3956D46DE8}") = "author", "author", "{8F38F031-F09A-4502-9700-E15604B861EE}"
EndProject
Project("{FAE04EC0-301F-11D3-BF4B-00C04F79EFBC}") = "zwg-china.model.manager", "zwg-china.model.manager\zwg-china.model.manager.csproj", "{6136DB9F-9D62-48BF-8598-CD575EE809DD}"
EndProject
Project("{2150E333-8FDC-42A3-9474-1A3956D46DE8}") = "administrator", "administrator", "{62C33014-3EA0-451F-AC65-F81FEB0836B5}"
EndProject
Project("{FAE04EC0-301F-11D3-BF4B-00C04F79EFBC}") = "zwg-china.administrator.model", "zwg-china.administrator.model\zwg-china.administrator.model.csproj", "{10CA1212-7DF8-41A7-84BA-2320583AB437}"
EndProject
Project("{2150E333-8FDC-42A3-9474-1A3956D46DE8}") = "lottery", "lottery", "{C3953C6A-6EEC-4057-AB5D-5F33F1EEC61F}"
EndProject
Project("{FAE04EC0-301F-11D3-BF4B-00C04F79EFBC}") = "zwg-china.lottery.model", "zwg-china.lottery.model\zwg-china.lottery.model.csproj", "{7B23AE17-8A27-43AB-BC09-37C873CB5FC2}"
EndProject
Project("{2150E333-8FDC-42A3-9474-1A3956D46DE8}") = "message", "message", "{287E9CB9-F6A5-4EC0-9CAE-D56B051789AD}"
EndProject
Project("{FAE04EC0-301F-11D3-BF4B-00C04F79EFBC}") = "zwg-china.message.model", "zwg-china.message.model\zwg-china.message.model.csproj", "{EC83604D-0340-43CE-B85D-138BC0A20C2E}"
EndProject
Project("{2150E333-8FDC-42A3-9474-1A3956D46DE8}") = "activity", "activity", "{EFA5F7C6-93BF-404C-AAAD-F869ACEF815F}"
EndProject
Project("{FAE04EC0-301F-11D3-BF4B-00C04F79EFBC}") = "zwg-china.activity.model", "zwg-china.activity.model\zwg-china.activity.model.csproj", "{6EA341AD-1FB0-4B23-BDFC-E797B105E28A}"
EndProject
Project("{2150E333-8FDC-42A3-9474-1A3956D46DE8}") = "report", "report", "{0A3D5985-3613-414E-A894-75B974F2ECAE}"
EndProject
Project("{FAE04EC0-301F-11D3-BF4B-00C04F79EFBC}") = "zwg-china.report.model", "zwg-china.report.model\zwg-china.report.model.csproj", "{C851A7ED-7DDF-4755-8AFF-9D14B3C24BE3}"
EndProject
Project("{2150E333-8FDC-42A3-9474-1A3956D46DE8}") = "im", "im", "{B39AEEE2-05A9-49CF-B189-103CC4CAD4E7}"
EndProject
Project("{FAE04EC0-301F-11D3-BF4B-00C04F79EFBC}") = "zwg-china.im.model", "zwg-china.im.model\zwg-china.im.model.csproj", "{44C447CE-12B9-4030-AC6F-AE358557F5A0}"
EndProject
Project("{FAE04EC0-301F-11D3-BF4B-00C04F79EFBC}") = "zwg-china.author.model.manager", "zwg-china.author.model.manager\zwg-china.author.model.manager.csproj", "{A2A2F14E-49CC-4413-93EE-F1D6AD8A3E55}"
EndProject
Project("{FAE04EC0-301F-11D3-BF4B-00C04F79EFBC}") = "zwg-china.aid", "zwg-china.aid\zwg-china.aid.csproj", "{5B7B4DA0-8F8C-427A-89AC-24AEAB0F8BD3}"
EndProject
Project("{FAE04EC0-301F-11D3-BF4B-00C04F79EFBC}") = "zwg-china.administrator.model.manager", "zwg-china.administrator.model.manager\zwg-china.administrator.model.manager.csproj", "{C7EAED87-0AF3-49F0-9BCE-E95A10850C5E}"
EndProject
Project("{FAE04EC0-301F-11D3-BF4B-00C04F79EFBC}") = "zwg-china.lottery.model.manager", "zwg-china.lottery.model.manager\zwg-china.lottery.model.manager.csproj", "{BD124364-14E2-4FDD-8C59-C0F0E00DC8F3}"
EndProject
Project("{FAE04EC0-301F-11D3-BF4B-00C04F79EFBC}") = "zwg-china.activity.model.manager", "zwg-china.activity.model.manager\zwg-china.activity.model.manager.csproj", "{A64F8282-CCFE-483F-B775-236683EBDCD1}"
EndProject
Project("{FAE04EC0-301F-11D3-BF4B-00C04F79EFBC}") = "zwg-china.message.model.manager", "zwg-china.message.model.manager\zwg-china.message.model.manager.csproj", "{076598C0-1038-4C88-822A-AE10C130A3DB}"
EndProject
Project("{FAE04EC0-301F-11D3-BF4B-00C04F79EFBC}") = "zwg-china.report.model.manager", "zwg-china.report.model.manager\zwg-china.report.model.manager.csproj", "{DDE26A78-A3FE-417F-8405-4B46BB37AA92}"
EndProject
Project("{FAE04EC0-301F-11D3-BF4B-00C04F79EFBC}") = "zwg-china.im.model.manager", "zwg-china.im.model.manager\zwg-china.im.model.manager.csproj", "{C9896B9D-0387-428B-B6EF-DCB592EF3CD4}"
EndProject
Project("{FAE04EC0-301F-11D3-BF4B-00C04F79EFBC}") = "zwg-china.service.base", "zwg-china.service.base\zwg-china.service.base.csproj", "{D8416ACD-8C05-4406-9089-6E29F8F99D99}"
EndProject
Project("{2150E333-8FDC-42A3-9474-1A3956D46DE8}") = "_main", "_main", "{BF95158B-096F-4DAA-A4AD-C652EB187737}"
EndProject
Project("{FAE04EC0-301F-11D3-BF4B-00C04F79EFBC}") = "zwg-china.logic.main", "zwg-china.logic.main\zwg-china.logic.main.csproj", "{12ADF318-C34D-4B51-80AD-9F564319BD7D}"
EndProject
Project("{2150E333-8FDC-42A3-9474-1A3956D46DE8}") = "basis", "basis", "{4D061661-993B-4E2D-A423-D0C569C91FF6}"
EndProject
Project("{2150E333-8FDC-42A3-9474-1A3956D46DE8}") = "author", "author", "{9180029C-744F-466F-99D6-50D370CC433B}"
EndProject
Project("{FAE04EC0-301F-11D3-BF4B-00C04F79EFBC}") = "zwg-china.author.service.backstage", "zwg-china.author.service.backstage\zwg-china.author.service.backstage.csproj", "{8F3936ED-6291-4037-A838-5554C14D6B48}"
EndProject
Project("{FAE04EC0-301F-11D3-BF4B-00C04F79EFBC}") = "zwg-china.author.service.client", "zwg-china.author.service.client\zwg-china.author.service.client.csproj", "{A023FDF9-064A-46C1-83E2-8F5DCC78EE4F}"
EndProject
Project("{2150E333-8FDC-42A3-9474-1A3956D46DE8}") = "administrator", "administrator", "{6B62B70B-8DE3-4B93-A85E-3C543EBF8412}"
EndProject
Project("{FAE04EC0-301F-11D3-BF4B-00C04F79EFBC}") = "zwg-china.administrator.service", "zwg-china.administrator.service\zwg-china.administrator.service.csproj", "{E0B0E88E-EE5A-46A7-BDD3-2AD9E6FD0491}"
EndProject
Project("{2150E333-8FDC-42A3-9474-1A3956D46DE8}") = "lottery", "lottery", "{A7849AFC-14BC-4C99-B3DF-AAFC0547454D}"
EndProject
Project("{FAE04EC0-301F-11D3-BF4B-00C04F79EFBC}") = "zwg-china.lottery.service.backstage", "zwg-china.lottery.service.backstage\zwg-china.lottery.service.backstage.csproj", "{7FD8FB98-F952-4436-AD7D-01ABD49232A9}"
EndProject
Project("{FAE04EC0-301F-11D3-BF4B-00C04F79EFBC}") = "zwg-china.lottery.service.client", "zwg-china.lottery.service.client\zwg-china.lottery.service.client.csproj", "{AE11F860-9D37-4373-8607-464B2382A5BE}"
EndProject
Project("{2150E333-8FDC-42A3-9474-1A3956D46DE8}") = "activity", "activity", "{2727CB1C-C163-42A4-AFA6-DAD2DD642FBB}"
EndProject
Project("{2150E333-8FDC-42A3-9474-1A3956D46DE8}") = "message", "message", "{25A4D444-88D3-4FD6-8B31-9B0BDBE807C1}"
EndProject
Project("{2150E333-8FDC-42A3-9474-1A3956D46DE8}") = "report", "report", "{CAA84E85-2B46-4035-AF4B-26BE2E089B27}"
EndProject
Project("{2150E333-8FDC-42A3-9474-1A3956D46DE8}") = "im", "im", "{329DD5F0-F670-42ED-9E68-C689CD44B0CD}"
EndProject
Project("{FAE04EC0-301F-11D3-BF4B-00C04F79EFBC}") = "zwg-china.activity.service.backstage", "zwg-china.activity.service.backstage\zwg-china.activity.service.backstage.csproj", "{35F61C8B-B4EF-4C58-B050-F545F254DF67}"
EndProject
Project("{FAE04EC0-301F-11D3-BF4B-00C04F79EFBC}") = "zwg-china.activity.service.client", "zwg-china.activity.service.client\zwg-china.activity.service.client.csproj", "{73C32B8D-4948-4A22-80F2-41A8517C11B2}"
EndProject
Project("{FAE04EC0-301F-11D3-BF4B-00C04F79EFBC}") = "zwg-china.message.service.backstage", "zwg-china.message.service.backstage\zwg-china.message.service.backstage.csproj", "{53E9CD32-F46C-4A1C-A960-AF93D5FDF63C}"
EndProject
Project("{FAE04EC0-301F-11D3-BF4B-00C04F79EFBC}") = "zwg-china.message.service.client", "zwg-china.message.service.client\zwg-china.message.service.client.csproj", "{41B80C22-4831-48A2-A87E-03ED4A01F425}"
EndProject
Project("{FAE04EC0-301F-11D3-BF4B-00C04F79EFBC}") = "zwg-china.report.service.backstage", "zwg-china.report.service.backstage\zwg-china.report.service.backstage.csproj", "{A56F46F4-BAA9-4998-9BF7-75F4B9B991FF}"
EndProject
Project("{FAE04EC0-301F-11D3-BF4B-00C04F79EFBC}") = "zwg-china.report.service.client", "zwg-china.report.service.client\zwg-china.report.service.client.csproj", "{77E3D766-1EA3-44A2-8402-8C61BC0DBE5B}"
EndProject
Project("{FAE04EC0-301F-11D3-BF4B-00C04F79EFBC}") = "zwg-china.im.service.backstage", "zwg-china.im.service.backstage\zwg-china.im.service.backstage.csproj", "{6A978121-0C1E-4EE7-84EF-79220C095514}"
EndProject
Project("{FAE04EC0-301F-11D3-BF4B-00C04F79EFBC}") = "zwg-china.im.service.client", "zwg-china.im.service.client\zwg-china.im.service.client.csproj", "{FA18BAB8-E2A4-4BE8-8A65-295602B099AB}"
EndProject
Project("{FAE04EC0-301F-11D3-BF4B-00C04F79EFBC}") = "zwg-china.host", "zwg-china.host\zwg-china.host.csproj", "{00BE3B6B-2FD1-40A7-BB18-7C9FA8AA7D63}"
EndProject
Project("{FAE04EC0-301F-11D3-BF4B-00C04F79EFBC}") = "zwg-china.backstage", "zwg-china.backstage\zwg-china.backstage.csproj", "{75BECC3C-F95C-4D72-B67A-03B2D1BCDA7D}"
EndProject
Project("{FAE04EC0-301F-11D3-BF4B-00C04F79EFBC}") = "zwg-china.backstage.Web", "zwg-china.backstage.Web\zwg-china.backstage.Web.csproj", "{29C14D30-EC09-4570-9671-910E0FD2D85F}"
EndProject
Project("{FAE04EC0-301F-11D3-BF4B-00C04F79EFBC}") = "zwg-china.backstage.framework", "zwg-china.backstage.framework\zwg-china.backstage.framework.csproj", "{414C409C-3293-4D77-A24F-6945579EA880}"
EndProject
Project("{FAE04EC0-301F-11D3-BF4B-00C04F79EFBC}") = "zwg-china.backstage.control", "zwg-china.backstage.control\zwg-china.backstage.control.csproj", "{87D8913D-8754-43EE-9632-66924D7A0450}"
EndProject
Global
	GlobalSection(SolutionConfigurationPlatforms) = preSolution
		Debug|Any CPU = Debug|Any CPU
		Release|Any CPU = Release|Any CPU
	EndGlobalSection
	GlobalSection(ProjectConfigurationPlatforms) = postSolution
		{276735DE-42F6-40DB-A96D-9ECF74A659C8}.Debug|Any CPU.ActiveCfg = Debug|Any CPU
		{276735DE-42F6-40DB-A96D-9ECF74A659C8}.Debug|Any CPU.Build.0 = Debug|Any CPU
		{276735DE-42F6-40DB-A96D-9ECF74A659C8}.Release|Any CPU.ActiveCfg = Release|Any CPU
		{276735DE-42F6-40DB-A96D-9ECF74A659C8}.Release|Any CPU.Build.0 = Release|Any CPU
		{AE947170-6A9B-42F4-B6FA-E54C35B5BB22}.Debug|Any CPU.ActiveCfg = Debug|Any CPU
		{AE947170-6A9B-42F4-B6FA-E54C35B5BB22}.Debug|Any CPU.Build.0 = Debug|Any CPU
		{AE947170-6A9B-42F4-B6FA-E54C35B5BB22}.Release|Any CPU.ActiveCfg = Release|Any CPU
		{AE947170-6A9B-42F4-B6FA-E54C35B5BB22}.Release|Any CPU.Build.0 = Release|Any CPU
		{6136DB9F-9D62-48BF-8598-CD575EE809DD}.Debug|Any CPU.ActiveCfg = Debug|Any CPU
		{6136DB9F-9D62-48BF-8598-CD575EE809DD}.Debug|Any CPU.Build.0 = Debug|Any CPU
		{6136DB9F-9D62-48BF-8598-CD575EE809DD}.Release|Any CPU.ActiveCfg = Release|Any CPU
		{6136DB9F-9D62-48BF-8598-CD575EE809DD}.Release|Any CPU.Build.0 = Release|Any CPU
		{10CA1212-7DF8-41A7-84BA-2320583AB437}.Debug|Any CPU.ActiveCfg = Debug|Any CPU
		{10CA1212-7DF8-41A7-84BA-2320583AB437}.Debug|Any CPU.Build.0 = Debug|Any CPU
		{10CA1212-7DF8-41A7-84BA-2320583AB437}.Release|Any CPU.ActiveCfg = Release|Any CPU
		{10CA1212-7DF8-41A7-84BA-2320583AB437}.Release|Any CPU.Build.0 = Release|Any CPU
		{7B23AE17-8A27-43AB-BC09-37C873CB5FC2}.Debug|Any CPU.ActiveCfg = Debug|Any CPU
		{7B23AE17-8A27-43AB-BC09-37C873CB5FC2}.Debug|Any CPU.Build.0 = Debug|Any CPU
		{7B23AE17-8A27-43AB-BC09-37C873CB5FC2}.Release|Any CPU.ActiveCfg = Release|Any CPU
		{7B23AE17-8A27-43AB-BC09-37C873CB5FC2}.Release|Any CPU.Build.0 = Release|Any CPU
		{EC83604D-0340-43CE-B85D-138BC0A20C2E}.Debug|Any CPU.ActiveCfg = Debug|Any CPU
		{EC83604D-0340-43CE-B85D-138BC0A20C2E}.Debug|Any CPU.Build.0 = Debug|Any CPU
		{EC83604D-0340-43CE-B85D-138BC0A20C2E}.Release|Any CPU.ActiveCfg = Release|Any CPU
		{EC83604D-0340-43CE-B85D-138BC0A20C2E}.Release|Any CPU.Build.0 = Release|Any CPU
		{6EA341AD-1FB0-4B23-BDFC-E797B105E28A}.Debug|Any CPU.ActiveCfg = Debug|Any CPU
		{6EA341AD-1FB0-4B23-BDFC-E797B105E28A}.Debug|Any CPU.Build.0 = Debug|Any CPU
		{6EA341AD-1FB0-4B23-BDFC-E797B105E28A}.Release|Any CPU.ActiveCfg = Release|Any CPU
		{6EA341AD-1FB0-4B23-BDFC-E797B105E28A}.Release|Any CPU.Build.0 = Release|Any CPU
		{C851A7ED-7DDF-4755-8AFF-9D14B3C24BE3}.Debug|Any CPU.ActiveCfg = Debug|Any CPU
		{C851A7ED-7DDF-4755-8AFF-9D14B3C24BE3}.Debug|Any CPU.Build.0 = Debug|Any CPU
		{C851A7ED-7DDF-4755-8AFF-9D14B3C24BE3}.Release|Any CPU.ActiveCfg = Release|Any CPU
		{C851A7ED-7DDF-4755-8AFF-9D14B3C24BE3}.Release|Any CPU.Build.0 = Release|Any CPU
		{44C447CE-12B9-4030-AC6F-AE358557F5A0}.Debug|Any CPU.ActiveCfg = Debug|Any CPU
		{44C447CE-12B9-4030-AC6F-AE358557F5A0}.Debug|Any CPU.Build.0 = Debug|Any CPU
		{44C447CE-12B9-4030-AC6F-AE358557F5A0}.Release|Any CPU.ActiveCfg = Release|Any CPU
		{44C447CE-12B9-4030-AC6F-AE358557F5A0}.Release|Any CPU.Build.0 = Release|Any CPU
		{A2A2F14E-49CC-4413-93EE-F1D6AD8A3E55}.Debug|Any CPU.ActiveCfg = Debug|Any CPU
		{A2A2F14E-49CC-4413-93EE-F1D6AD8A3E55}.Debug|Any CPU.Build.0 = Debug|Any CPU
		{A2A2F14E-49CC-4413-93EE-F1D6AD8A3E55}.Release|Any CPU.ActiveCfg = Release|Any CPU
		{A2A2F14E-49CC-4413-93EE-F1D6AD8A3E55}.Release|Any CPU.Build.0 = Release|Any CPU
		{5B7B4DA0-8F8C-427A-89AC-24AEAB0F8BD3}.Debug|Any CPU.ActiveCfg = Debug|Any CPU
		{5B7B4DA0-8F8C-427A-89AC-24AEAB0F8BD3}.Debug|Any CPU.Build.0 = Debug|Any CPU
		{5B7B4DA0-8F8C-427A-89AC-24AEAB0F8BD3}.Release|Any CPU.ActiveCfg = Release|Any CPU
		{5B7B4DA0-8F8C-427A-89AC-24AEAB0F8BD3}.Release|Any CPU.Build.0 = Release|Any CPU
		{C7EAED87-0AF3-49F0-9BCE-E95A10850C5E}.Debug|Any CPU.ActiveCfg = Debug|Any CPU
		{C7EAED87-0AF3-49F0-9BCE-E95A10850C5E}.Debug|Any CPU.Build.0 = Debug|Any CPU
		{C7EAED87-0AF3-49F0-9BCE-E95A10850C5E}.Release|Any CPU.ActiveCfg = Release|Any CPU
		{C7EAED87-0AF3-49F0-9BCE-E95A10850C5E}.Release|Any CPU.Build.0 = Release|Any CPU
		{BD124364-14E2-4FDD-8C59-C0F0E00DC8F3}.Debug|Any CPU.ActiveCfg = Debug|Any CPU
		{BD124364-14E2-4FDD-8C59-C0F0E00DC8F3}.Debug|Any CPU.Build.0 = Debug|Any CPU
		{BD124364-14E2-4FDD-8C59-C0F0E00DC8F3}.Release|Any CPU.ActiveCfg = Release|Any CPU
		{BD124364-14E2-4FDD-8C59-C0F0E00DC8F3}.Release|Any CPU.Build.0 = Release|Any CPU
		{A64F8282-CCFE-483F-B775-236683EBDCD1}.Debug|Any CPU.ActiveCfg = Debug|Any CPU
		{A64F8282-CCFE-483F-B775-236683EBDCD1}.Debug|Any CPU.Build.0 = Debug|Any CPU
		{A64F8282-CCFE-483F-B775-236683EBDCD1}.Release|Any CPU.ActiveCfg = Release|Any CPU
		{A64F8282-CCFE-483F-B775-236683EBDCD1}.Release|Any CPU.Build.0 = Release|Any CPU
		{076598C0-1038-4C88-822A-AE10C130A3DB}.Debug|Any CPU.ActiveCfg = Debug|Any CPU
		{076598C0-1038-4C88-822A-AE10C130A3DB}.Debug|Any CPU.Build.0 = Debug|Any CPU
		{076598C0-1038-4C88-822A-AE10C130A3DB}.Release|Any CPU.ActiveCfg = Release|Any CPU
		{076598C0-1038-4C88-822A-AE10C130A3DB}.Release|Any CPU.Build.0 = Release|Any CPU
		{DDE26A78-A3FE-417F-8405-4B46BB37AA92}.Debug|Any CPU.ActiveCfg = Debug|Any CPU
		{DDE26A78-A3FE-417F-8405-4B46BB37AA92}.Debug|Any CPU.Build.0 = Debug|Any CPU
		{DDE26A78-A3FE-417F-8405-4B46BB37AA92}.Release|Any CPU.ActiveCfg = Release|Any CPU
		{DDE26A78-A3FE-417F-8405-4B46BB37AA92}.Release|Any CPU.Build.0 = Release|Any CPU
		{C9896B9D-0387-428B-B6EF-DCB592EF3CD4}.Debug|Any CPU.ActiveCfg = Debug|Any CPU
		{C9896B9D-0387-428B-B6EF-DCB592EF3CD4}.Debug|Any CPU.Build.0 = Debug|Any CPU
		{C9896B9D-0387-428B-B6EF-DCB592EF3CD4}.Release|Any CPU.ActiveCfg = Release|Any CPU
		{C9896B9D-0387-428B-B6EF-DCB592EF3CD4}.Release|Any CPU.Build.0 = Release|Any CPU
		{D8416ACD-8C05-4406-9089-6E29F8F99D99}.Debug|Any CPU.ActiveCfg = Debug|Any CPU
		{D8416ACD-8C05-4406-9089-6E29F8F99D99}.Debug|Any CPU.Build.0 = Debug|Any CPU
		{D8416ACD-8C05-4406-9089-6E29F8F99D99}.Release|Any CPU.ActiveCfg = Release|Any CPU
		{D8416ACD-8C05-4406-9089-6E29F8F99D99}.Release|Any CPU.Build.0 = Release|Any CPU
		{12ADF318-C34D-4B51-80AD-9F564319BD7D}.Debug|Any CPU.ActiveCfg = Debug|Any CPU
		{12ADF318-C34D-4B51-80AD-9F564319BD7D}.Debug|Any CPU.Build.0 = Debug|Any CPU
		{12ADF318-C34D-4B51-80AD-9F564319BD7D}.Release|Any CPU.ActiveCfg = Release|Any CPU
		{12ADF318-C34D-4B51-80AD-9F564319BD7D}.Release|Any CPU.Build.0 = Release|Any CPU
		{8F3936ED-6291-4037-A838-5554C14D6B48}.Debug|Any CPU.ActiveCfg = Debug|Any CPU
		{8F3936ED-6291-4037-A838-5554C14D6B48}.Debug|Any CPU.Build.0 = Debug|Any CPU
		{8F3936ED-6291-4037-A838-5554C14D6B48}.Release|Any CPU.ActiveCfg = Release|Any CPU
		{8F3936ED-6291-4037-A838-5554C14D6B48}.Release|Any CPU.Build.0 = Release|Any CPU
		{A023FDF9-064A-46C1-83E2-8F5DCC78EE4F}.Debug|Any CPU.ActiveCfg = Debug|Any CPU
		{A023FDF9-064A-46C1-83E2-8F5DCC78EE4F}.Debug|Any CPU.Build.0 = Debug|Any CPU
		{A023FDF9-064A-46C1-83E2-8F5DCC78EE4F}.Release|Any CPU.ActiveCfg = Release|Any CPU
		{A023FDF9-064A-46C1-83E2-8F5DCC78EE4F}.Release|Any CPU.Build.0 = Release|Any CPU
		{E0B0E88E-EE5A-46A7-BDD3-2AD9E6FD0491}.Debug|Any CPU.ActiveCfg = Debug|Any CPU
		{E0B0E88E-EE5A-46A7-BDD3-2AD9E6FD0491}.Debug|Any CPU.Build.0 = Debug|Any CPU
		{E0B0E88E-EE5A-46A7-BDD3-2AD9E6FD0491}.Release|Any CPU.ActiveCfg = Release|Any CPU
		{E0B0E88E-EE5A-46A7-BDD3-2AD9E6FD0491}.Release|Any CPU.Build.0 = Release|Any CPU
		{7FD8FB98-F952-4436-AD7D-01ABD49232A9}.Debug|Any CPU.ActiveCfg = Debug|Any CPU
		{7FD8FB98-F952-4436-AD7D-01ABD49232A9}.Debug|Any CPU.Build.0 = Debug|Any CPU
		{7FD8FB98-F952-4436-AD7D-01ABD49232A9}.Release|Any CPU.ActiveCfg = Release|Any CPU
		{7FD8FB98-F952-4436-AD7D-01ABD49232A9}.Release|Any CPU.Build.0 = Release|Any CPU
		{AE11F860-9D37-4373-8607-464B2382A5BE}.Debug|Any CPU.ActiveCfg = Debug|Any CPU
		{AE11F860-9D37-4373-8607-464B2382A5BE}.Debug|Any CPU.Build.0 = Debug|Any CPU
		{AE11F860-9D37-4373-8607-464B2382A5BE}.Release|Any CPU.ActiveCfg = Release|Any CPU
		{AE11F860-9D37-4373-8607-464B2382A5BE}.Release|Any CPU.Build.0 = Release|Any CPU
		{35F61C8B-B4EF-4C58-B050-F545F254DF67}.Debug|Any CPU.ActiveCfg = Debug|Any CPU
		{35F61C8B-B4EF-4C58-B050-F545F254DF67}.Debug|Any CPU.Build.0 = Debug|Any CPU
		{35F61C8B-B4EF-4C58-B050-F545F254DF67}.Release|Any CPU.ActiveCfg = Release|Any CPU
		{35F61C8B-B4EF-4C58-B050-F545F254DF67}.Release|Any CPU.Build.0 = Release|Any CPU
		{73C32B8D-4948-4A22-80F2-41A8517C11B2}.Debug|Any CPU.ActiveCfg = Debug|Any CPU
		{73C32B8D-4948-4A22-80F2-41A8517C11B2}.Debug|Any CPU.Build.0 = Debug|Any CPU
		{73C32B8D-4948-4A22-80F2-41A8517C11B2}.Release|Any CPU.ActiveCfg = Release|Any CPU
		{73C32B8D-4948-4A22-80F2-41A8517C11B2}.Release|Any CPU.Build.0 = Release|Any CPU
		{53E9CD32-F46C-4A1C-A960-AF93D5FDF63C}.Debug|Any CPU.ActiveCfg = Debug|Any CPU
		{53E9CD32-F46C-4A1C-A960-AF93D5FDF63C}.Debug|Any CPU.Build.0 = Debug|Any CPU
		{53E9CD32-F46C-4A1C-A960-AF93D5FDF63C}.Release|Any CPU.ActiveCfg = Release|Any CPU
		{53E9CD32-F46C-4A1C-A960-AF93D5FDF63C}.Release|Any CPU.Build.0 = Release|Any CPU
		{41B80C22-4831-48A2-A87E-03ED4A01F425}.Debug|Any CPU.ActiveCfg = Debug|Any CPU
		{41B80C22-4831-48A2-A87E-03ED4A01F425}.Debug|Any CPU.Build.0 = Debug|Any CPU
		{41B80C22-4831-48A2-A87E-03ED4A01F425}.Release|Any CPU.ActiveCfg = Release|Any CPU
		{41B80C22-4831-48A2-A87E-03ED4A01F425}.Release|Any CPU.Build.0 = Release|Any CPU
		{A56F46F4-BAA9-4998-9BF7-75F4B9B991FF}.Debug|Any CPU.ActiveCfg = Debug|Any CPU
		{A56F46F4-BAA9-4998-9BF7-75F4B9B991FF}.Debug|Any CPU.Build.0 = Debug|Any CPU
		{A56F46F4-BAA9-4998-9BF7-75F4B9B991FF}.Release|Any CPU.ActiveCfg = Release|Any CPU
		{A56F46F4-BAA9-4998-9BF7-75F4B9B991FF}.Release|Any CPU.Build.0 = Release|Any CPU
		{77E3D766-1EA3-44A2-8402-8C61BC0DBE5B}.Debug|Any CPU.ActiveCfg = Debug|Any CPU
		{77E3D766-1EA3-44A2-8402-8C61BC0DBE5B}.Debug|Any CPU.Build.0 = Debug|Any CPU
		{77E3D766-1EA3-44A2-8402-8C61BC0DBE5B}.Release|Any CPU.ActiveCfg = Release|Any CPU
		{77E3D766-1EA3-44A2-8402-8C61BC0DBE5B}.Release|Any CPU.Build.0 = Release|Any CPU
		{6A978121-0C1E-4EE7-84EF-79220C095514}.Debug|Any CPU.ActiveCfg = Debug|Any CPU
		{6A978121-0C1E-4EE7-84EF-79220C095514}.Debug|Any CPU.Build.0 = Debug|Any CPU
		{6A978121-0C1E-4EE7-84EF-79220C095514}.Release|Any CPU.ActiveCfg = Release|Any CPU
		{6A978121-0C1E-4EE7-84EF-79220C095514}.Release|Any CPU.Build.0 = Release|Any CPU
		{FA18BAB8-E2A4-4BE8-8A65-295602B099AB}.Debug|Any CPU.ActiveCfg = Debug|Any CPU
		{FA18BAB8-E2A4-4BE8-8A65-295602B099AB}.Debug|Any CPU.Build.0 = Debug|Any CPU
		{FA18BAB8-E2A4-4BE8-8A65-295602B099AB}.Release|Any CPU.ActiveCfg = Release|Any CPU
		{FA18BAB8-E2A4-4BE8-8A65-295602B099AB}.Release|Any CPU.Build.0 = Release|Any CPU
		{00BE3B6B-2FD1-40A7-BB18-7C9FA8AA7D63}.Debug|Any CPU.ActiveCfg = Debug|Any CPU
		{00BE3B6B-2FD1-40A7-BB18-7C9FA8AA7D63}.Debug|Any CPU.Build.0 = Debug|Any CPU
		{00BE3B6B-2FD1-40A7-BB18-7C9FA8AA7D63}.Release|Any CPU.ActiveCfg = Release|Any CPU
		{00BE3B6B-2FD1-40A7-BB18-7C9FA8AA7D63}.Release|Any CPU.Build.0 = Release|Any CPU
		{75BECC3C-F95C-4D72-B67A-03B2D1BCDA7D}.Debug|Any CPU.ActiveCfg = Debug|Any CPU
		{75BECC3C-F95C-4D72-B67A-03B2D1BCDA7D}.Debug|Any CPU.Build.0 = Debug|Any CPU
		{75BECC3C-F95C-4D72-B67A-03B2D1BCDA7D}.Release|Any CPU.ActiveCfg = Release|Any CPU
		{75BECC3C-F95C-4D72-B67A-03B2D1BCDA7D}.Release|Any CPU.Build.0 = Release|Any CPU
		{29C14D30-EC09-4570-9671-910E0FD2D85F}.Debug|Any CPU.ActiveCfg = Debug|Any CPU
		{29C14D30-EC09-4570-9671-910E0FD2D85F}.Debug|Any CPU.Build.0 = Debug|Any CPU
		{29C14D30-EC09-4570-9671-910E0FD2D85F}.Release|Any CPU.ActiveCfg = Release|Any CPU
		{29C14D30-EC09-4570-9671-910E0FD2D85F}.Release|Any CPU.Build.0 = Release|Any CPU
		{414C409C-3293-4D77-A24F-6945579EA880}.Debug|Any CPU.ActiveCfg = Debug|Any CPU
		{414C409C-3293-4D77-A24F-6945579EA880}.Debug|Any CPU.Build.0 = Debug|Any CPU
		{414C409C-3293-4D77-A24F-6945579EA880}.Release|Any CPU.ActiveCfg = Release|Any CPU
		{414C409C-3293-4D77-A24F-6945579EA880}.Release|Any CPU.Build.0 = Release|Any CPU
		{87D8913D-8754-43EE-9632-66924D7A0450}.Debug|Any CPU.ActiveCfg = Debug|Any CPU
		{87D8913D-8754-43EE-9632-66924D7A0450}.Debug|Any CPU.Build.0 = Debug|Any CPU
		{87D8913D-8754-43EE-9632-66924D7A0450}.Release|Any CPU.ActiveCfg = Release|Any CPU
		{87D8913D-8754-43EE-9632-66924D7A0450}.Release|Any CPU.Build.0 = Release|Any CPU
	EndGlobalSection
	GlobalSection(SolutionProperties) = preSolution
		HideSolutionNode = FALSE
	EndGlobalSection
	GlobalSection(NestedProjects) = preSolution
		{8F26D7F1-0579-41CE-A792-3AC1FF5E33F7} = {087210D0-D3BE-4C62-9821-437A376AFC5A}
		{8F38F031-F09A-4502-9700-E15604B861EE} = {087210D0-D3BE-4C62-9821-437A376AFC5A}
		{62C33014-3EA0-451F-AC65-F81FEB0836B5} = {087210D0-D3BE-4C62-9821-437A376AFC5A}
		{C3953C6A-6EEC-4057-AB5D-5F33F1EEC61F} = {087210D0-D3BE-4C62-9821-437A376AFC5A}
		{287E9CB9-F6A5-4EC0-9CAE-D56B051789AD} = {087210D0-D3BE-4C62-9821-437A376AFC5A}
		{EFA5F7C6-93BF-404C-AAAD-F869ACEF815F} = {087210D0-D3BE-4C62-9821-437A376AFC5A}
		{0A3D5985-3613-414E-A894-75B974F2ECAE} = {087210D0-D3BE-4C62-9821-437A376AFC5A}
		{B39AEEE2-05A9-49CF-B189-103CC4CAD4E7} = {087210D0-D3BE-4C62-9821-437A376AFC5A}
		{BF95158B-096F-4DAA-A4AD-C652EB187737} = {087210D0-D3BE-4C62-9821-437A376AFC5A}
		{4D061661-993B-4E2D-A423-D0C569C91FF6} = {0BDF8CD0-53F0-4957-BF67-D5A850B2D689}
		{9180029C-744F-466F-99D6-50D370CC433B} = {0BDF8CD0-53F0-4957-BF67-D5A850B2D689}
		{6B62B70B-8DE3-4B93-A85E-3C543EBF8412} = {0BDF8CD0-53F0-4957-BF67-D5A850B2D689}
		{A7849AFC-14BC-4C99-B3DF-AAFC0547454D} = {0BDF8CD0-53F0-4957-BF67-D5A850B2D689}
		{2727CB1C-C163-42A4-AFA6-DAD2DD642FBB} = {0BDF8CD0-53F0-4957-BF67-D5A850B2D689}
		{25A4D444-88D3-4FD6-8B31-9B0BDBE807C1} = {0BDF8CD0-53F0-4957-BF67-D5A850B2D689}
		{CAA84E85-2B46-4035-AF4B-26BE2E089B27} = {0BDF8CD0-53F0-4957-BF67-D5A850B2D689}
		{329DD5F0-F670-42ED-9E68-C689CD44B0CD} = {0BDF8CD0-53F0-4957-BF67-D5A850B2D689}
		{D447A3C4-06A1-449C-8835-8AEF2CB2273A} = {89647BF4-B815-477D-BE77-C7527AAB7B79}
		{966E0D28-9979-492B-9A8F-BEFD249E771F} = {89647BF4-B815-477D-BE77-C7527AAB7B79}
		{A69FD608-7DCA-4D7E-815B-4526CAB19EA0} = {89647BF4-B815-477D-BE77-C7527AAB7B79}
		{75BECC3C-F95C-4D72-B67A-03B2D1BCDA7D} = {966E0D28-9979-492B-9A8F-BEFD249E771F}
		{29C14D30-EC09-4570-9671-910E0FD2D85F} = {966E0D28-9979-492B-9A8F-BEFD249E771F}
		{414C409C-3293-4D77-A24F-6945579EA880} = {966E0D28-9979-492B-9A8F-BEFD249E771F}
		{87D8913D-8754-43EE-9632-66924D7A0450} = {966E0D28-9979-492B-9A8F-BEFD249E771F}
		{276735DE-42F6-40DB-A96D-9ECF74A659C8} = {8F26D7F1-0579-41CE-A792-3AC1FF5E33F7}
		{6136DB9F-9D62-48BF-8598-CD575EE809DD} = {8F26D7F1-0579-41CE-A792-3AC1FF5E33F7}
		{5B7B4DA0-8F8C-427A-89AC-24AEAB0F8BD3} = {8F26D7F1-0579-41CE-A792-3AC1FF5E33F7}
		{AE947170-6A9B-42F4-B6FA-E54C35B5BB22} = {8F38F031-F09A-4502-9700-E15604B861EE}
		{A2A2F14E-49CC-4413-93EE-F1D6AD8A3E55} = {8F38F031-F09A-4502-9700-E15604B861EE}
		{00BE3B6B-2FD1-40A7-BB18-7C9FA8AA7D63} = {A69FD608-7DCA-4D7E-815B-4526CAB19EA0}
		{10CA1212-7DF8-41A7-84BA-2320583AB437} = {62C33014-3EA0-451F-AC65-F81FEB0836B5}
		{C7EAED87-0AF3-49F0-9BCE-E95A10850C5E} = {62C33014-3EA0-451F-AC65-F81FEB0836B5}
		{7B23AE17-8A27-43AB-BC09-37C873CB5FC2} = {C3953C6A-6EEC-4057-AB5D-5F33F1EEC61F}
		{BD124364-14E2-4FDD-8C59-C0F0E00DC8F3} = {C3953C6A-6EEC-4057-AB5D-5F33F1EEC61F}
		{EC83604D-0340-43CE-B85D-138BC0A20C2E} = {287E9CB9-F6A5-4EC0-9CAE-D56B051789AD}
		{076598C0-1038-4C88-822A-AE10C130A3DB} = {287E9CB9-F6A5-4EC0-9CAE-D56B051789AD}
		{6EA341AD-1FB0-4B23-BDFC-E797B105E28A} = {EFA5F7C6-93BF-404C-AAAD-F869ACEF815F}
		{A64F8282-CCFE-483F-B775-236683EBDCD1} = {EFA5F7C6-93BF-404C-AAAD-F869ACEF815F}
		{C851A7ED-7DDF-4755-8AFF-9D14B3C24BE3} = {0A3D5985-3613-414E-A894-75B974F2ECAE}
		{DDE26A78-A3FE-417F-8405-4B46BB37AA92} = {0A3D5985-3613-414E-A894-75B974F2ECAE}
		{44C447CE-12B9-4030-AC6F-AE358557F5A0} = {B39AEEE2-05A9-49CF-B189-103CC4CAD4E7}
		{C9896B9D-0387-428B-B6EF-DCB592EF3CD4} = {B39AEEE2-05A9-49CF-B189-103CC4CAD4E7}
		{D8416ACD-8C05-4406-9089-6E29F8F99D99} = {4D061661-993B-4E2D-A423-D0C569C91FF6}
		{12ADF318-C34D-4B51-80AD-9F564319BD7D} = {BF95158B-096F-4DAA-A4AD-C652EB187737}
		{8F3936ED-6291-4037-A838-5554C14D6B48} = {9180029C-744F-466F-99D6-50D370CC433B}
		{A023FDF9-064A-46C1-83E2-8F5DCC78EE4F} = {9180029C-744F-466F-99D6-50D370CC433B}
		{E0B0E88E-EE5A-46A7-BDD3-2AD9E6FD0491} = {6B62B70B-8DE3-4B93-A85E-3C543EBF8412}
		{7FD8FB98-F952-4436-AD7D-01ABD49232A9} = {A7849AFC-14BC-4C99-B3DF-AAFC0547454D}
		{AE11F860-9D37-4373-8607-464B2382A5BE} = {A7849AFC-14BC-4C99-B3DF-AAFC0547454D}
		{35F61C8B-B4EF-4C58-B050-F545F254DF67} = {2727CB1C-C163-42A4-AFA6-DAD2DD642FBB}
		{73C32B8D-4948-4A22-80F2-41A8517C11B2} = {2727CB1C-C163-42A4-AFA6-DAD2DD642FBB}
		{53E9CD32-F46C-4A1C-A960-AF93D5FDF63C} = {25A4D444-88D3-4FD6-8B31-9B0BDBE807C1}
		{41B80C22-4831-48A2-A87E-03ED4A01F425} = {25A4D444-88D3-4FD6-8B31-9B0BDBE807C1}
		{A56F46F4-BAA9-4998-9BF7-75F4B9B991FF} = {CAA84E85-2B46-4035-AF4B-26BE2E089B27}
		{77E3D766-1EA3-44A2-8402-8C61BC0DBE5B} = {CAA84E85-2B46-4035-AF4B-26BE2E089B27}
		{6A978121-0C1E-4EE7-84EF-79220C095514} = {329DD5F0-F670-42ED-9E68-C689CD44B0CD}
		{FA18BAB8-E2A4-4BE8-8A65-295602B099AB} = {329DD5F0-F670-42ED-9E68-C689CD44B0CD}
	EndGlobalSection
EndGlobal
