
Microsoft Visual Studio Solution File, Format Version 12.00
# Visual Studio 2013
VisualStudioVersion = 12.0.21005.1
MinimumVisualStudioVersion = 10.0.40219.1
Project("{2150E333-8FDC-42A3-9474-1A3956D46DE8}") = "basis", "basis", "{8F26D7F1-0579-41CE-A792-3AC1FF5E33F7}"
EndProject
Project("{2150E333-8FDC-42A3-9474-1A3956D46DE8}") = "service", "service", "{0BDF8CD0-53F0-4957-BF67-D5A850B2D689}"
EndProject
Project("{2150E333-8FDC-42A3-9474-1A3956D46DE8}") = "host", "host", "{A69FD608-7DCA-4D7E-815B-4526CAB19EA0}"
EndProject
Project("{2150E333-8FDC-42A3-9474-1A3956D46DE8}") = "client", "client", "{D447A3C4-06A1-449C-8835-8AEF2CB2273A}"
EndProject
Project("{2150E333-8FDC-42A3-9474-1A3956D46DE8}") = "backstage", "backstage", "{966E0D28-9979-492B-9A8F-BEFD249E771F}"
EndProject
Project("{FAE04EC0-301F-11D3-BF4B-00C04F79EFBC}") = "zwg-china.host", "zwg-china.host\zwg-china.host.csproj", "{1612B9AF-F1ED-4B15-8935-B63638637EED}"
EndProject
Project("{FAE04EC0-301F-11D3-BF4B-00C04F79EFBC}") = "zwg-china.model", "zwg-china.model\zwg-china.model.csproj", "{276735DE-42F6-40DB-A96D-9ECF74A659C8}"
EndProject
Project("{FAE04EC0-301F-11D3-BF4B-00C04F79EFBC}") = "zwg-china.author.model", "zwg-china.author.model\zwg-china.author.model.csproj", "{AE947170-6A9B-42F4-B6FA-E54C35B5BB22}"
EndProject
Project("{2150E333-8FDC-42A3-9474-1A3956D46DE8}") = "logic", "logic", "{087210D0-D3BE-4C62-9821-437A376AFC5A}"
EndProject
Project("{2150E333-8FDC-42A3-9474-1A3956D46DE8}") = "mutual", "mutual", "{89647BF4-B815-477D-BE77-C7527AAB7B79}"
EndProject
Project("{2150E333-8FDC-42A3-9474-1A3956D46DE8}") = "author", "author", "{8F38F031-F09A-4502-9700-E15604B861EE}"
EndProject
Project("{FAE04EC0-301F-11D3-BF4B-00C04F79EFBC}") = "zwg-china.model.manager", "zwg-china.model.manager\zwg-china.model.manager.csproj", "{6136DB9F-9D62-48BF-8598-CD575EE809DD}"
EndProject
Project("{FAE04EC0-301F-11D3-BF4B-00C04F79EFBC}") = "zwg-china.host.framework", "zwg-china.host.framework\zwg-china.host.framework.csproj", "{FE46241B-7A80-4FA4-AE03-A2F120E4629D}"
EndProject
Project("{2150E333-8FDC-42A3-9474-1A3956D46DE8}") = "administrator", "administrator", "{62C33014-3EA0-451F-AC65-F81FEB0836B5}"
EndProject
Project("{FAE04EC0-301F-11D3-BF4B-00C04F79EFBC}") = "zwg-china.administrator.model", "zwg-china.administrator.model\zwg-china.administrator.model.csproj", "{10CA1212-7DF8-41A7-84BA-2320583AB437}"
EndProject
Project("{2150E333-8FDC-42A3-9474-1A3956D46DE8}") = "lottery", "lottery", "{C3953C6A-6EEC-4057-AB5D-5F33F1EEC61F}"
EndProject
Project("{FAE04EC0-301F-11D3-BF4B-00C04F79EFBC}") = "zwg-china.lottery.model", "zwg-china.lottery.model\zwg-china.lottery.model.csproj", "{7B23AE17-8A27-43AB-BC09-37C873CB5FC2}"
EndProject
Project("{2150E333-8FDC-42A3-9474-1A3956D46DE8}") = "message", "message", "{287E9CB9-F6A5-4EC0-9CAE-D56B051789AD}"
EndProject
Project("{FAE04EC0-301F-11D3-BF4B-00C04F79EFBC}") = "zwg-china.message.model", "zwg-china.message.model\zwg-china.message.model.csproj", "{EC83604D-0340-43CE-B85D-138BC0A20C2E}"
EndProject
Project("{2150E333-8FDC-42A3-9474-1A3956D46DE8}") = "activity", "activity", "{EFA5F7C6-93BF-404C-AAAD-F869ACEF815F}"
EndProject
Project("{FAE04EC0-301F-11D3-BF4B-00C04F79EFBC}") = "zwg-china.activity.model", "zwg-china.activity.model\zwg-china.activity.model.csproj", "{6EA341AD-1FB0-4B23-BDFC-E797B105E28A}"
EndProject
Project("{2150E333-8FDC-42A3-9474-1A3956D46DE8}") = "report", "report", "{0A3D5985-3613-414E-A894-75B974F2ECAE}"
EndProject
Project("{FAE04EC0-301F-11D3-BF4B-00C04F79EFBC}") = "zwg-china.report.model", "zwg-china.report.model\zwg-china.report.model.csproj", "{C851A7ED-7DDF-4755-8AFF-9D14B3C24BE3}"
EndProject
Project("{2150E333-8FDC-42A3-9474-1A3956D46DE8}") = "im", "im", "{B39AEEE2-05A9-49CF-B189-103CC4CAD4E7}"
EndProject
Project("{FAE04EC0-301F-11D3-BF4B-00C04F79EFBC}") = "zwg-china.im.model", "zwg-china.im.model\zwg-china.im.model.csproj", "{44C447CE-12B9-4030-AC6F-AE358557F5A0}"
EndProject
Project("{FAE04EC0-301F-11D3-BF4B-00C04F79EFBC}") = "zwg-china.author.model.manager", "zwg-china.author.model.manager\zwg-china.author.model.manager.csproj", "{A2A2F14E-49CC-4413-93EE-F1D6AD8A3E55}"
EndProject
Project("{FAE04EC0-301F-11D3-BF4B-00C04F79EFBC}") = "zwg-china.aid", "zwg-china.aid\zwg-china.aid.csproj", "{5B7B4DA0-8F8C-427A-89AC-24AEAB0F8BD3}"
EndProject
Project("{2150E333-8FDC-42A3-9474-1A3956D46DE8}") = "test", "test", "{470E38EA-9CD1-4548-B96F-27DE27C0A0F9}"
EndProject
Project("{2150E333-8FDC-42A3-9474-1A3956D46DE8}") = "_main", "_main", "{F3B8CD49-9CF6-488F-B4E5-E1D6FC291566}"
EndProject
Project("{FAE04EC0-301F-11D3-BF4B-00C04F79EFBC}") = "zwg-china.administrator.model.manager", "zwg-china.administrator.model.manager\zwg-china.administrator.model.manager.csproj", "{C7EAED87-0AF3-49F0-9BCE-E95A10850C5E}"
EndProject
Project("{FAE04EC0-301F-11D3-BF4B-00C04F79EFBC}") = "zwg-china.lottery.model.manager", "zwg-china.lottery.model.manager\zwg-china.lottery.model.manager.csproj", "{BD124364-14E2-4FDD-8C59-C0F0E00DC8F3}"
EndProject
Project("{FAE04EC0-301F-11D3-BF4B-00C04F79EFBC}") = "zwg-china.activity.model.manager", "zwg-china.activity.model.manager\zwg-china.activity.model.manager.csproj", "{A64F8282-CCFE-483F-B775-236683EBDCD1}"
EndProject
Project("{FAE04EC0-301F-11D3-BF4B-00C04F79EFBC}") = "zwg-china.message.model.manager", "zwg-china.message.model.manager\zwg-china.message.model.manager.csproj", "{076598C0-1038-4C88-822A-AE10C130A3DB}"
EndProject
Project("{FAE04EC0-301F-11D3-BF4B-00C04F79EFBC}") = "zwg-china.report.model.manager", "zwg-china.report.model.manager\zwg-china.report.model.manager.csproj", "{DDE26A78-A3FE-417F-8405-4B46BB37AA92}"
EndProject
Project("{FAE04EC0-301F-11D3-BF4B-00C04F79EFBC}") = "zwg-china.im.model.manager", "zwg-china.im.model.manager\zwg-china.im.model.manager.csproj", "{C9896B9D-0387-428B-B6EF-DCB592EF3CD4}"
EndProject
Global
	GlobalSection(SolutionConfigurationPlatforms) = preSolution
		Debug|Any CPU = Debug|Any CPU
		Release|Any CPU = Release|Any CPU
	EndGlobalSection
	GlobalSection(ProjectConfigurationPlatforms) = postSolution
		{1612B9AF-F1ED-4B15-8935-B63638637EED}.Debug|Any CPU.ActiveCfg = Debug|Any CPU
		{1612B9AF-F1ED-4B15-8935-B63638637EED}.Debug|Any CPU.Build.0 = Debug|Any CPU
		{1612B9AF-F1ED-4B15-8935-B63638637EED}.Release|Any CPU.ActiveCfg = Release|Any CPU
		{1612B9AF-F1ED-4B15-8935-B63638637EED}.Release|Any CPU.Build.0 = Release|Any CPU
		{276735DE-42F6-40DB-A96D-9ECF74A659C8}.Debug|Any CPU.ActiveCfg = Debug|Any CPU
		{276735DE-42F6-40DB-A96D-9ECF74A659C8}.Debug|Any CPU.Build.0 = Debug|Any CPU
		{276735DE-42F6-40DB-A96D-9ECF74A659C8}.Release|Any CPU.ActiveCfg = Release|Any CPU
		{276735DE-42F6-40DB-A96D-9ECF74A659C8}.Release|Any CPU.Build.0 = Release|Any CPU
		{AE947170-6A9B-42F4-B6FA-E54C35B5BB22}.Debug|Any CPU.ActiveCfg = Debug|Any CPU
		{AE947170-6A9B-42F4-B6FA-E54C35B5BB22}.Debug|Any CPU.Build.0 = Debug|Any CPU
		{AE947170-6A9B-42F4-B6FA-E54C35B5BB22}.Release|Any CPU.ActiveCfg = Release|Any CPU
		{AE947170-6A9B-42F4-B6FA-E54C35B5BB22}.Release|Any CPU.Build.0 = Release|Any CPU
		{6136DB9F-9D62-48BF-8598-CD575EE809DD}.Debug|Any CPU.ActiveCfg = Debug|Any CPU
		{6136DB9F-9D62-48BF-8598-CD575EE809DD}.Debug|Any CPU.Build.0 = Debug|Any CPU
		{6136DB9F-9D62-48BF-8598-CD575EE809DD}.Release|Any CPU.ActiveCfg = Release|Any CPU
		{6136DB9F-9D62-48BF-8598-CD575EE809DD}.Release|Any CPU.Build.0 = Release|Any CPU
		{FE46241B-7A80-4FA4-AE03-A2F120E4629D}.Debug|Any CPU.ActiveCfg = Debug|Any CPU
		{FE46241B-7A80-4FA4-AE03-A2F120E4629D}.Debug|Any CPU.Build.0 = Debug|Any CPU
		{FE46241B-7A80-4FA4-AE03-A2F120E4629D}.Release|Any CPU.ActiveCfg = Release|Any CPU
		{FE46241B-7A80-4FA4-AE03-A2F120E4629D}.Release|Any CPU.Build.0 = Release|Any CPU
		{10CA1212-7DF8-41A7-84BA-2320583AB437}.Debug|Any CPU.ActiveCfg = Debug|Any CPU
		{10CA1212-7DF8-41A7-84BA-2320583AB437}.Debug|Any CPU.Build.0 = Debug|Any CPU
		{10CA1212-7DF8-41A7-84BA-2320583AB437}.Release|Any CPU.ActiveCfg = Release|Any CPU
		{10CA1212-7DF8-41A7-84BA-2320583AB437}.Release|Any CPU.Build.0 = Release|Any CPU
		{7B23AE17-8A27-43AB-BC09-37C873CB5FC2}.Debug|Any CPU.ActiveCfg = Debug|Any CPU
		{7B23AE17-8A27-43AB-BC09-37C873CB5FC2}.Debug|Any CPU.Build.0 = Debug|Any CPU
		{7B23AE17-8A27-43AB-BC09-37C873CB5FC2}.Release|Any CPU.ActiveCfg = Release|Any CPU
		{7B23AE17-8A27-43AB-BC09-37C873CB5FC2}.Release|Any CPU.Build.0 = Release|Any CPU
		{EC83604D-0340-43CE-B85D-138BC0A20C2E}.Debug|Any CPU.ActiveCfg = Debug|Any CPU
		{EC83604D-0340-43CE-B85D-138BC0A20C2E}.Debug|Any CPU.Build.0 = Debug|Any CPU
		{EC83604D-0340-43CE-B85D-138BC0A20C2E}.Release|Any CPU.ActiveCfg = Release|Any CPU
		{EC83604D-0340-43CE-B85D-138BC0A20C2E}.Release|Any CPU.Build.0 = Release|Any CPU
		{6EA341AD-1FB0-4B23-BDFC-E797B105E28A}.Debug|Any CPU.ActiveCfg = Debug|Any CPU
		{6EA341AD-1FB0-4B23-BDFC-E797B105E28A}.Debug|Any CPU.Build.0 = Debug|Any CPU
		{6EA341AD-1FB0-4B23-BDFC-E797B105E28A}.Release|Any CPU.ActiveCfg = Release|Any CPU
		{6EA341AD-1FB0-4B23-BDFC-E797B105E28A}.Release|Any CPU.Build.0 = Release|Any CPU
		{C851A7ED-7DDF-4755-8AFF-9D14B3C24BE3}.Debug|Any CPU.ActiveCfg = Debug|Any CPU
		{C851A7ED-7DDF-4755-8AFF-9D14B3C24BE3}.Debug|Any CPU.Build.0 = Debug|Any CPU
		{C851A7ED-7DDF-4755-8AFF-9D14B3C24BE3}.Release|Any CPU.ActiveCfg = Release|Any CPU
		{C851A7ED-7DDF-4755-8AFF-9D14B3C24BE3}.Release|Any CPU.Build.0 = Release|Any CPU
		{44C447CE-12B9-4030-AC6F-AE358557F5A0}.Debug|Any CPU.ActiveCfg = Debug|Any CPU
		{44C447CE-12B9-4030-AC6F-AE358557F5A0}.Debug|Any CPU.Build.0 = Debug|Any CPU
		{44C447CE-12B9-4030-AC6F-AE358557F5A0}.Release|Any CPU.ActiveCfg = Release|Any CPU
		{44C447CE-12B9-4030-AC6F-AE358557F5A0}.Release|Any CPU.Build.0 = Release|Any CPU
		{A2A2F14E-49CC-4413-93EE-F1D6AD8A3E55}.Debug|Any CPU.ActiveCfg = Debug|Any CPU
		{A2A2F14E-49CC-4413-93EE-F1D6AD8A3E55}.Debug|Any CPU.Build.0 = Debug|Any CPU
		{A2A2F14E-49CC-4413-93EE-F1D6AD8A3E55}.Release|Any CPU.ActiveCfg = Release|Any CPU
		{A2A2F14E-49CC-4413-93EE-F1D6AD8A3E55}.Release|Any CPU.Build.0 = Release|Any CPU
		{5B7B4DA0-8F8C-427A-89AC-24AEAB0F8BD3}.Debug|Any CPU.ActiveCfg = Debug|Any CPU
		{5B7B4DA0-8F8C-427A-89AC-24AEAB0F8BD3}.Debug|Any CPU.Build.0 = Debug|Any CPU
		{5B7B4DA0-8F8C-427A-89AC-24AEAB0F8BD3}.Release|Any CPU.ActiveCfg = Release|Any CPU
		{5B7B4DA0-8F8C-427A-89AC-24AEAB0F8BD3}.Release|Any CPU.Build.0 = Release|Any CPU
		{C7EAED87-0AF3-49F0-9BCE-E95A10850C5E}.Debug|Any CPU.ActiveCfg = Debug|Any CPU
		{C7EAED87-0AF3-49F0-9BCE-E95A10850C5E}.Debug|Any CPU.Build.0 = Debug|Any CPU
		{C7EAED87-0AF3-49F0-9BCE-E95A10850C5E}.Release|Any CPU.ActiveCfg = Release|Any CPU
		{C7EAED87-0AF3-49F0-9BCE-E95A10850C5E}.Release|Any CPU.Build.0 = Release|Any CPU
		{BD124364-14E2-4FDD-8C59-C0F0E00DC8F3}.Debug|Any CPU.ActiveCfg = Debug|Any CPU
		{BD124364-14E2-4FDD-8C59-C0F0E00DC8F3}.Debug|Any CPU.Build.0 = Debug|Any CPU
		{BD124364-14E2-4FDD-8C59-C0F0E00DC8F3}.Release|Any CPU.ActiveCfg = Release|Any CPU
		{BD124364-14E2-4FDD-8C59-C0F0E00DC8F3}.Release|Any CPU.Build.0 = Release|Any CPU
		{A64F8282-CCFE-483F-B775-236683EBDCD1}.Debug|Any CPU.ActiveCfg = Debug|Any CPU
		{A64F8282-CCFE-483F-B775-236683EBDCD1}.Debug|Any CPU.Build.0 = Debug|Any CPU
		{A64F8282-CCFE-483F-B775-236683EBDCD1}.Release|Any CPU.ActiveCfg = Release|Any CPU
		{A64F8282-CCFE-483F-B775-236683EBDCD1}.Release|Any CPU.Build.0 = Release|Any CPU
		{076598C0-1038-4C88-822A-AE10C130A3DB}.Debug|Any CPU.ActiveCfg = Debug|Any CPU
		{076598C0-1038-4C88-822A-AE10C130A3DB}.Debug|Any CPU.Build.0 = Debug|Any CPU
		{076598C0-1038-4C88-822A-AE10C130A3DB}.Release|Any CPU.ActiveCfg = Release|Any CPU
		{076598C0-1038-4C88-822A-AE10C130A3DB}.Release|Any CPU.Build.0 = Release|Any CPU
		{DDE26A78-A3FE-417F-8405-4B46BB37AA92}.Debug|Any CPU.ActiveCfg = Debug|Any CPU
		{DDE26A78-A3FE-417F-8405-4B46BB37AA92}.Debug|Any CPU.Build.0 = Debug|Any CPU
		{DDE26A78-A3FE-417F-8405-4B46BB37AA92}.Release|Any CPU.ActiveCfg = Release|Any CPU
		{DDE26A78-A3FE-417F-8405-4B46BB37AA92}.Release|Any CPU.Build.0 = Release|Any CPU
		{C9896B9D-0387-428B-B6EF-DCB592EF3CD4}.Debug|Any CPU.ActiveCfg = Debug|Any CPU
		{C9896B9D-0387-428B-B6EF-DCB592EF3CD4}.Debug|Any CPU.Build.0 = Debug|Any CPU
		{C9896B9D-0387-428B-B6EF-DCB592EF3CD4}.Release|Any CPU.ActiveCfg = Release|Any CPU
		{C9896B9D-0387-428B-B6EF-DCB592EF3CD4}.Release|Any CPU.Build.0 = Release|Any CPU
	EndGlobalSection
	GlobalSection(SolutionProperties) = preSolution
		HideSolutionNode = FALSE
	EndGlobalSection
	GlobalSection(NestedProjects) = preSolution
		{8F26D7F1-0579-41CE-A792-3AC1FF5E33F7} = {087210D0-D3BE-4C62-9821-437A376AFC5A}
		{8F38F031-F09A-4502-9700-E15604B861EE} = {087210D0-D3BE-4C62-9821-437A376AFC5A}
		{62C33014-3EA0-451F-AC65-F81FEB0836B5} = {087210D0-D3BE-4C62-9821-437A376AFC5A}
		{C3953C6A-6EEC-4057-AB5D-5F33F1EEC61F} = {087210D0-D3BE-4C62-9821-437A376AFC5A}
		{287E9CB9-F6A5-4EC0-9CAE-D56B051789AD} = {087210D0-D3BE-4C62-9821-437A376AFC5A}
		{EFA5F7C6-93BF-404C-AAAD-F869ACEF815F} = {087210D0-D3BE-4C62-9821-437A376AFC5A}
		{0A3D5985-3613-414E-A894-75B974F2ECAE} = {087210D0-D3BE-4C62-9821-437A376AFC5A}
		{B39AEEE2-05A9-49CF-B189-103CC4CAD4E7} = {087210D0-D3BE-4C62-9821-437A376AFC5A}
		{F3B8CD49-9CF6-488F-B4E5-E1D6FC291566} = {087210D0-D3BE-4C62-9821-437A376AFC5A}
		{D447A3C4-06A1-449C-8835-8AEF2CB2273A} = {89647BF4-B815-477D-BE77-C7527AAB7B79}
		{966E0D28-9979-492B-9A8F-BEFD249E771F} = {89647BF4-B815-477D-BE77-C7527AAB7B79}
		{A69FD608-7DCA-4D7E-815B-4526CAB19EA0} = {89647BF4-B815-477D-BE77-C7527AAB7B79}
		{1612B9AF-F1ED-4B15-8935-B63638637EED} = {A69FD608-7DCA-4D7E-815B-4526CAB19EA0}
		{FE46241B-7A80-4FA4-AE03-A2F120E4629D} = {A69FD608-7DCA-4D7E-815B-4526CAB19EA0}
		{276735DE-42F6-40DB-A96D-9ECF74A659C8} = {8F26D7F1-0579-41CE-A792-3AC1FF5E33F7}
		{6136DB9F-9D62-48BF-8598-CD575EE809DD} = {8F26D7F1-0579-41CE-A792-3AC1FF5E33F7}
		{5B7B4DA0-8F8C-427A-89AC-24AEAB0F8BD3} = {8F26D7F1-0579-41CE-A792-3AC1FF5E33F7}
		{AE947170-6A9B-42F4-B6FA-E54C35B5BB22} = {8F38F031-F09A-4502-9700-E15604B861EE}
		{A2A2F14E-49CC-4413-93EE-F1D6AD8A3E55} = {8F38F031-F09A-4502-9700-E15604B861EE}
		{10CA1212-7DF8-41A7-84BA-2320583AB437} = {62C33014-3EA0-451F-AC65-F81FEB0836B5}
		{C7EAED87-0AF3-49F0-9BCE-E95A10850C5E} = {62C33014-3EA0-451F-AC65-F81FEB0836B5}
		{7B23AE17-8A27-43AB-BC09-37C873CB5FC2} = {C3953C6A-6EEC-4057-AB5D-5F33F1EEC61F}
		{BD124364-14E2-4FDD-8C59-C0F0E00DC8F3} = {C3953C6A-6EEC-4057-AB5D-5F33F1EEC61F}
		{EC83604D-0340-43CE-B85D-138BC0A20C2E} = {287E9CB9-F6A5-4EC0-9CAE-D56B051789AD}
		{076598C0-1038-4C88-822A-AE10C130A3DB} = {287E9CB9-F6A5-4EC0-9CAE-D56B051789AD}
		{6EA341AD-1FB0-4B23-BDFC-E797B105E28A} = {EFA5F7C6-93BF-404C-AAAD-F869ACEF815F}
		{A64F8282-CCFE-483F-B775-236683EBDCD1} = {EFA5F7C6-93BF-404C-AAAD-F869ACEF815F}
		{C851A7ED-7DDF-4755-8AFF-9D14B3C24BE3} = {0A3D5985-3613-414E-A894-75B974F2ECAE}
		{DDE26A78-A3FE-417F-8405-4B46BB37AA92} = {0A3D5985-3613-414E-A894-75B974F2ECAE}
		{44C447CE-12B9-4030-AC6F-AE358557F5A0} = {B39AEEE2-05A9-49CF-B189-103CC4CAD4E7}
		{C9896B9D-0387-428B-B6EF-DCB592EF3CD4} = {B39AEEE2-05A9-49CF-B189-103CC4CAD4E7}
	EndGlobalSection
EndGlobal
